
Microsoft Visual Studio Solution File, Format Version 12.00
# Visual Studio Version 17
VisualStudioVersion = 17.9.34622.214
MinimumVisualStudioVersion = 10.0.40219.1
Project("{FAE04EC0-301F-11D3-BF4B-00C04F79EFBC}") = "test12", "test12\test12.csproj", "{9B10F1FC-5B31-4759-A48E-D27940F34209}"
EndProject
Global
	GlobalSection(SolutionConfigurationPlatforms) = preSolution
		Debug|Any CPU = Debug|Any CPU
		Release|Any CPU = Release|Any CPU
	EndGlobalSection
	GlobalSection(ProjectConfigurationPlatforms) = postSolution
		{9B10F1FC-5B31-4759-A48E-D27940F34209}.Debug|Any CPU.ActiveCfg = Debug|Any CPU
		{9B10F1FC-5B31-4759-A48E-D27940F34209}.Debug|Any CPU.Build.0 = Debug|Any CPU
		{9B10F1FC-5B31-4759-A48E-D27940F34209}.Release|Any CPU.ActiveCfg = Release|Any CPU
		{9B10F1FC-5B31-4759-A48E-D27940F34209}.Release|Any CPU.Build.0 = Release|Any CPU
	EndGlobalSection
	GlobalSection(SolutionProperties) = preSolution
		HideSolutionNode = FALSE
	EndGlobalSection
	GlobalSection(ExtensibilityGlobals) = postSolution
		SolutionGuid = {4248C7A9-0570-4175-B8F6-AEB9CBF946F3}
	EndGlobalSection
EndGlobal
